
Microsoft Visual Studio Solution File, Format Version 12.00
# Visual Studio Version 16
VisualStudioVersion = 16.0.28803.352
MinimumVisualStudioVersion = 10.0.40219.1
Project("{9A19103F-16F7-4668-BE54-9A1E7A4F7556}") = "OpenAddOnManager.Windows", "OpenAddOnManager.Windows\OpenAddOnManager.Windows.csproj", "{5FFEBCFA-6A01-4856-A61E-AEE2659A61E1}"
EndProject
Project("{2150E333-8FDC-42A3-9474-1A3956D46DE8}") = "Docs", "Docs", "{7358F4F8-DC8E-4BE8-85E5-1458378EE7CF}"
	ProjectSection(SolutionItems) = preProject
		addOns.json = addOns.json
		LICENSE = LICENSE
		README.md = README.md
	EndProjectSection
EndProject
Project("{2150E333-8FDC-42A3-9474-1A3956D46DE8}") = "Environment", "Environment", "{BA3BE539-DA5E-4AF9-B076-30127E88ACCE}"
	ProjectSection(SolutionItems) = preProject
		.editorconfig = .editorconfig
		.gitattributes = .gitattributes
		.gitignore = .gitignore
	EndProjectSection
EndProject
Project("{9A19103F-16F7-4668-BE54-9A1E7A4F7556}") = "OpenAddOnManager", "OpenAddOnManager\OpenAddOnManager.csproj", "{4D557B8A-8B41-479B-B0BF-8C52746443D2}"
EndProject
Project("{9A19103F-16F7-4668-BE54-9A1E7A4F7556}") = "OpenAddOnManager.Windows.Tests", "OpenAddOnManager.Windows.Tests\OpenAddOnManager.Windows.Tests.csproj", "{874858B9-B0C2-450E-8DD2-8EA0E7E54B1A}"
EndProject
Project("{9A19103F-16F7-4668-BE54-9A1E7A4F7556}") = "OpenAddOnManager.Tests", "OpenAddOnManager.Tests\OpenAddOnManager.Tests.csproj", "{2C6021DD-2F66-447B-A9CC-CC03DE68A48F}"
EndProject
Project("{9A19103F-16F7-4668-BE54-9A1E7A4F7556}") = "Gear.NamedPipesSingleInstance", "..\Gear\Gear.NamedPipesSingleInstance\Gear.NamedPipesSingleInstance.csproj", "{890F8140-58C2-402B-9313-1F2F44481A41}"
EndProject
Global
	GlobalSection(SolutionConfigurationPlatforms) = preSolution
		Debug|Any CPU = Debug|Any CPU
		Release|Any CPU = Release|Any CPU
	EndGlobalSection
	GlobalSection(ProjectConfigurationPlatforms) = postSolution
		{5FFEBCFA-6A01-4856-A61E-AEE2659A61E1}.Debug|Any CPU.ActiveCfg = Debug|Any CPU
		{5FFEBCFA-6A01-4856-A61E-AEE2659A61E1}.Debug|Any CPU.Build.0 = Debug|Any CPU
		{5FFEBCFA-6A01-4856-A61E-AEE2659A61E1}.Release|Any CPU.ActiveCfg = Release|Any CPU
		{5FFEBCFA-6A01-4856-A61E-AEE2659A61E1}.Release|Any CPU.Build.0 = Release|Any CPU
		{4D557B8A-8B41-479B-B0BF-8C52746443D2}.Debug|Any CPU.ActiveCfg = Debug|Any CPU
		{4D557B8A-8B41-479B-B0BF-8C52746443D2}.Debug|Any CPU.Build.0 = Debug|Any CPU
		{4D557B8A-8B41-479B-B0BF-8C52746443D2}.Release|Any CPU.ActiveCfg = Release|Any CPU
		{4D557B8A-8B41-479B-B0BF-8C52746443D2}.Release|Any CPU.Build.0 = Release|Any CPU
		{874858B9-B0C2-450E-8DD2-8EA0E7E54B1A}.Debug|Any CPU.ActiveCfg = Debug|Any CPU
		{874858B9-B0C2-450E-8DD2-8EA0E7E54B1A}.Debug|Any CPU.Build.0 = Debug|Any CPU
		{874858B9-B0C2-450E-8DD2-8EA0E7E54B1A}.Release|Any CPU.ActiveCfg = Release|Any CPU
		{874858B9-B0C2-450E-8DD2-8EA0E7E54B1A}.Release|Any CPU.Build.0 = Release|Any CPU
		{2C6021DD-2F66-447B-A9CC-CC03DE68A48F}.Debug|Any CPU.ActiveCfg = Debug|Any CPU
		{2C6021DD-2F66-447B-A9CC-CC03DE68A48F}.Debug|Any CPU.Build.0 = Debug|Any CPU
		{2C6021DD-2F66-447B-A9CC-CC03DE68A48F}.Release|Any CPU.ActiveCfg = Release|Any CPU
		{2C6021DD-2F66-447B-A9CC-CC03DE68A48F}.Release|Any CPU.Build.0 = Release|Any CPU
		{890F8140-58C2-402B-9313-1F2F44481A41}.Debug|Any CPU.ActiveCfg = Debug|Any CPU
		{890F8140-58C2-402B-9313-1F2F44481A41}.Debug|Any CPU.Build.0 = Debug|Any CPU
		{890F8140-58C2-402B-9313-1F2F44481A41}.Release|Any CPU.ActiveCfg = Release|Any CPU
		{890F8140-58C2-402B-9313-1F2F44481A41}.Release|Any CPU.Build.0 = Release|Any CPU
	EndGlobalSection
	GlobalSection(SolutionProperties) = preSolution
		HideSolutionNode = FALSE
	EndGlobalSection
	GlobalSection(ExtensibilityGlobals) = postSolution
		SolutionGuid = {0C1DC15B-F486-4D5A-8478-5FDEAAC9236E}
	EndGlobalSection
EndGlobal
